# This file is automatically @generated by Cargo.
# It is not intended for manual editing.
version = 4

[[package]]
name = "api-gateway"
version = "0.1.0"

[[package]]
name = "catalog"
version = "0.1.0"

[[package]]
name = "streaming"
version = "0.1.0"

[[package]]
name = "worker-streaming"
version = "0.1.0"
